{
  "name": "semicolon",
  "lockfileVersion": 2,
  "requires": true,
  "packages": {
    "": {
      "dependencies": {
        "weather-icons-react": "^1.2.0"
      }
    },
    "node_modules/weather-icons-react": {
      "version": "1.2.0",
      "resolved": "https://registry.npmjs.org/weather-icons-react/-/weather-icons-react-1.2.0.tgz",
      "integrity": "sha512-VlLyZb9rb0Ir/NvC6T3YOcnftzUMg8hDYMb9xf1pzzM5z5wKogL6q1wZeqE5e+oHSw0CVcTFtYCbSa1ZEwnDZQ=="
    }
  },
  "dependencies": {
    "weather-icons-react": {
      "version": "1.2.0",
      "resolved": "https://registry.npmjs.org/weather-icons-react/-/weather-icons-react-1.2.0.tgz",
      "integrity": "sha512-VlLyZb9rb0Ir/NvC6T3YOcnftzUMg8hDYMb9xf1pzzM5z5wKogL6q1wZeqE5e+oHSw0CVcTFtYCbSa1ZEwnDZQ=="
    }
  }
}
